// !$*UTF8*$!
{
	archiveVersion = 1;
	classes = {
	};
	objectVersion = 46;
	objects = {

/* Begin PBXBuildFile section */
		DB8CBD491DB1864D00593825 /* AppDelegate.swift in Sources */ = {isa = PBXBuildFile; fileRef = DB8CBD481DB1864D00593825 /* AppDelegate.swift */; };
		DB8CBD4B1DB1864D00593825 /* ViewController.swift in Sources */ = {isa = PBXBuildFile; fileRef = DB8CBD4A1DB1864D00593825 /* ViewController.swift */; };
		DB8CBD4E1DB1864D00593825 /* Main.storyboard in Resources */ = {isa = PBXBuildFile; fileRef = DB8CBD4C1DB1864D00593825 /* Main.storyboard */; };
		DB8CBD501DB1864D00593825 /* Assets.xcassets in Resources */ = {isa = PBXBuildFile; fileRef = DB8CBD4F1DB1864D00593825 /* Assets.xcassets */; };
		DB8CBD531DB1864D00593825 /* LaunchScreen.storyboard in Resources */ = {isa = PBXBuildFile; fileRef = DB8CBD511DB1864D00593825 /* LaunchScreen.storyboard */; };
/* End PBXBuildFile section */

/* Begin PBXFileReference section */
		DB8CBD451DB1864D00593825 /* PassportInc.app */ = {isa = PBXFileReference; explicitFileType = wrapper.application; includeInIndex = 0; path = PassportInc.app; sourceTree = BUILT_PRODUCTS_DIR; };
		DB8CBD481DB1864D00593825 /* AppDelegate.swift */ = {isa = PBXFileReference; lastKnownFileType = sourcecode.swift; path = AppDelegate.swift; sourceTree = "<group>"; };
		DB8CBD4A1DB1864D00593825 /* ViewController.swift */ = {isa = PBXFileReference; lastKnownFileType = sourcecode.swift; path = ViewController.swift; sourceTree = "<group>"; };
		DB8CBD4D1DB1864D00593825 /* Base */ = {isa = PBXFileReference; lastKnownFileType = file.storyboard; name = Base; path = Base.lproj/Main.storyboard; sourceTree = "<group>"; };
		DB8CBD4F1DB1864D00593825 /* Assets.xcassets */ = {isa = PBXFileReference; lastKnownFileType = folder.assetcatalog; path = Assets.xcassets; sourceTree = "<group>"; };
		DB8CBD521DB1864D00593825 /* Base */ = {isa = PBXFileReference; lastKnownFileType = file.storyboard; name = Base; path = Base.lproj/LaunchScreen.storyboard; sourceTree = "<group>"; };
		DB8CBD541DB1864D00593825 /* Info.plist */ = {isa = PBXFileReference; lastKnownFileType = text.plist.xml; path = Info.plist; sourceTree = "<group>"; };
/* End PBXFileReference section */

/* Begin PBXFrameworksBuildPhase section */
		DB8CBD421DB1864D00593825 /* Frameworks */ = {
			isa = PBXFrameworksBuildPhase;
			buildActionMask = 2147483647;
			files = (
			);
			runOnlyForDeploymentPostprocessing = 0;
		};
/* End PBXFrameworksBuildPhase section */

/* Begin PBXGroup section */
		DB8CBD3C1DB1864D00593825 = {
			isa = PBXGroup;
			children = (
				DB8CBD471DB1864D00593825 /* PassportInc */,
				DB8CBD461DB1864D00593825 /* Products */,
			);
			sourceTree = "<group>";
		};
		DB8CBD461DB1864D00593825 /* Products */ = {
			isa = PBXGroup;
			children = (
				DB8CBD451DB1864D00593825 /* PassportInc.app */,
			);
			name = Products;
			sourceTree = "<group>";
		};
		DB8CBD471DB1864D00593825 /* PassportInc */ = {
			isa = PBXGroup;
			children = (
				DB8CBD481DB1864D00593825 /* AppDelegate.swift */,
				DB8CBD4A1DB1864D00593825 /* ViewController.swift */,
				DB8CBD4C1DB1864D00593825 /* Main.storyboard */,
				DB8CBD4F1DB1864D00593825 /* Assets.xcassets */,
				DB8CBD511DB1864D00593825 /* LaunchScreen.storyboard */,
				DB8CBD541DB1864D00593825 /* Info.plist */,
			);
			path = PassportInc;
			sourceTree = "<group>";
		};
/* End PBXGroup section */

/* Begin PBXNativeTarget section */
		DB8CBD441DB1864D00593825 /* PassportInc */ = {
			isa = PBXNativeTarget;
			buildConfigurationList = DB8CBD571DB1864D00593825 /* Build configuration list for PBXNativeTarget "PassportInc" */;
			buildPhases = (
				DB8CBD411DB1864D00593825 /* Sources */,
				DB8CBD421DB1864D00593825 /* Frameworks */,
				DB8CBD431DB1864D00593825 /* Resources */,
			);
			buildRules = (
			);
			dependencies = (
			);
			name = PassportInc;
			productName = PassportInc;
			productReference = DB8CBD451DB1864D00593825 /* PassportInc.app */;
			productType = "com.apple.product-type.application";
		};
/* End PBXNativeTarget section */

/* Begin PBXProject section */
		DB8CBD3D1DB1864D00593825 /* Project object */ = {
			isa = PBXProject;
			attributes = {
				LastSwiftUpdateCheck = 0800;
				LastUpgradeCheck = 0800;
				ORGANIZATIONNAME = "Yemi Ajibola";
				TargetAttributes = {
					DB8CBD441DB1864D00593825 = {
						CreatedOnToolsVersion = 8.0;
						DevelopmentTeam = G4YGRUL9T2;
						ProvisioningStyle = Automatic;
					};
				};
			};
			buildConfigurationList = DB8CBD401DB1864D00593825 /* Build configuration list for PBXProject "PassportInc" */;
			compatibilityVersion = "Xcode 3.2";
			developmentRegion = English;
			hasScannedForEncodings = 0;
			knownRegions = (
				en,
				Base,
			);
			mainGroup = DB8CBD3C1DB1864D00593825;
			productRefGroup = DB8CBD461DB1864D00593825 /* Products */;
			projectDirPath = "";
			projectRoot = "";
			targets = (
				DB8CBD441DB1864D00593825 /* PassportInc */,
			);
		};
/* End PBXProject section */

/* Begin PBXResourcesBuildPhase section */
		DB8CBD431DB1864D00593825 /* Resources */ = {
			isa = PBXResourcesBuildPhase;
			buildActionMask = 2147483647;
			files = (
				DB8CBD531DB1864D00593825 /* LaunchScreen.storyboard in Resources */,
				DB8CBD501DB1864D00593825 /* Assets.xcassets in Resources */,
				DB8CBD4E1DB1864D00593825 /* Main.storyboard in Resources */,
			);
			runOnlyForDeploymentPostprocessing = 0;
		};
/* End PBXResourcesBuildPhase section */

/* Begin PBXSourcesBuildPhase section */
		DB8CBD411DB1864D00593825 /* Sources */ = {
			isa = PBXSourcesBuildPhase;
			buildActionMask = 2147483647;
			files = (
				DB8CBD4B1DB1864D00593825 /* ViewController.swift in Sources */,
				DB8CBD491DB1864D00593825 /* AppDelegate.swift in Sources */,
			);
			runOnlyForDeploymentPostprocessing = 0;
		};
/* End PBXSourcesBuildPhase section */

/* Begin PBXVariantGroup section */
		DB8CBD4C1DB1864D00593825 /* Main.storyboard */ = {
			isa = PBXVariantGroup;
			children = (
				DB8CBD4D1DB1864D00593825 /* Base */,
			);
			name = Main.storyboard;
			sourceTree = "<group>";
		};
		DB8CBD511DB1864D00593825 /* LaunchScreen.storyboard */ = {
			isa = PBXVariantGroup;
			children = (
				DB8CBD521DB1864D00593825 /* Base */,
			);
			name = LaunchScreen.storyboard;
			sourceTree = "<group>";
		};
/* End PBXVariantGroup section */

/* Begin XCBuildConfiguration section */
		DB8CBD551DB1864D00593825 /* Debug */ = {
			isa = XCBuildConfiguration;
			buildSettings = {
				ALWAYS_SEARCH_USER_PATHS = NO;
				CLANG_ANALYZER_NONNULL = YES;
				CLANG_CXX_LANGUAGE_STANDARD = "gnu++0x";
				CLANG_CXX_LIBRARY = "libc++";
				CLANG_ENABLE_MODULES = YES;
				CLANG_ENABLE_OBJC_ARC = YES;
				CLANG_WARN_BOOL_CONVERSION = YES;
				CLANG_WARN_CONSTANT_CONVERSION = YES;
				CLANG_WARN_DIRECT_OBJC_ISA_USAGE = YES_ERROR;
				CLANG_WARN_DOCUMENTATION_COMMENTS = YES;
				CLANG_WARN_EMPTY_BODY = YES;
				CLANG_WARN_ENUM_CONVERSION = YES;
				CLANG_WARN_INFINITE_RECURSION = YES;
				CLANG_WARN_INT_CONVERSION = YES;
				CLANG_WARN_OBJC_ROOT_CLASS = YES_ERROR;
				CLANG_WARN_SUSPICIOUS_MOVES = YES;
				CLANG_WARN_UNREACHABLE_CODE = YES;
				CLANG_WARN__DUPLICATE_METHOD_MATCH = YES;
				"CODE_SIGN_IDENTITY[sdk=iphoneos*]" = "iPhone Developer";
				COPY_PHASE_STRIP = NO;
				DEBUG_INFORMATION_FORMAT = dwarf;
				ENABLE_STRICT_OBJC_MSGSEND = YES;
				ENABLE_TESTABILITY = YES;
				GCC_C_LANGUAGE_STANDARD = gnu99;
				GCC_DYNAMIC_NO_PIC = NO;
				GCC_NO_COMMON_BLOCKS = YES;
				GCC_OPTIMIZATION_LEVEL = 0;
				GCC_PREPROCESSOR_DEFINITIONS = (
					"DEBUG=1",
					"$(inherited)",
				);
				GCC_WARN_64_TO_32_BIT_CONVERSION = YES;
				GCC_WARN_ABOUT_RETURN_TYPE = YES_ERROR;
				GCC_WARN_UNDECLARED_SELECTOR = YES;
				GCC_WARN_UNINITIALIZED_AUTOS = YES_AGGRESSIVE;
				GCC_WARN_UNUSED_FUNCTION = YES;
				GCC_WARN_UNUSED_VARIABLE = YES;
				IPHONEOS_DEPLOYMENT_TARGET = 10.0;
				MTL_ENABLE_DEBUG_INFO = YES;
				ONLY_ACTIVE_ARCH = YES;
				SDKROOT = iphoneos;
				SWIFT_ACTIVE_COMPILATION_CONDITIONS = DEBUG;
				SWIFT_OPTIMIZATION_LEVEL = "-Onone";
			};
			name = Debug;
		};
		DB8CBD561DB1864D00593825 /* Release */ = {
			isa = XCBuildConfiguration;
			buildSettings = {
				ALWAYS_SEARCH_USER_PATHS = NO;
				CLANG_ANALYZER_NONNULL = YES;
				CLANG_CXX_LANGUAGE_STANDARD = "gnu++0x";
				CLANG_CXX_LIBRARY = "libc++";
				CLANG_ENABLE_MODULES = YES;
				CLANG_ENABLE_OBJC_ARC = YES;
				CLANG_WARN_BOOL_CONVERSION = YES;
				CLANG_WARN_CONSTANT_CONVERSION = YES;
				CLANG_WARN_DIRECT_OBJC_ISA_USAGE = YES_ERROR;
				CLANG_WARN_DOCUMENTATION_COMMENTS = YES;
				CLANG_WARN_EMPTY_BODY = YES;
				CLANG_WARN_ENUM_CONVERSION = YES;
				CLANG_WARN_INFINITE_RECURSION = YES;
				CLANG_WARN_INT_CONVERSION = YES;
				CLANG_WARN_OBJC_ROOT_CLASS = YES_ERROR;
				CLANG_WARN_SUSPICIOUS_MOVES = YES;
				CLANG_WARN_UNREACHABLE_CODE = YES;
				CLANG_WARN__DUPLICATE_METHOD_MATCH = YES;
				"CODE_SIGN_IDENTITY[sdk=iphoneos*]" = "iPhone Developer";
				COPY_PHASE_STRIP = NO;
				DEBUG_INFORMATION_FORMAT = "dwarf-with-dsym";
				ENABLE_NS_ASSERTIONS = NO;
				ENABLE_STRICT_OBJC_MSGSEND = YES;
				GCC_C_LANGUAGE_STANDARD = gnu99;
				GCC_NO_COMMON_BLOCKS = YES;
				GCC_WARN_64_TO_32_BIT_CONVERSION = YES;
				GCC_WARN_ABOUT_RETURN_TYPE = YES_ERROR;
				GCC_WARN_UNDECLARED_SELECTOR = YES;
				GCC_WARN_UNINITIALIZED_AUTOS = YES_AGGRESSIVE;
				GCC_WARN_UNUSED_FUNCTION = YES;
				GCC_WARN_UNUSED_VARIABLE = YES;
				IPHONEOS_DEPLOYMENT_TARGET = 10.0;
				MTL_ENABLE_DEBUG_INFO = NO;
				SDKROOT = iphoneos;
				SWIFT_OPTIMIZATION_LEVEL = "-Owholemodule";
				VALIDATE_PRODUCT = YES;
			};
			name = Release;
		};
		DB8CBD581DB1864D00593825 /* Debug */ = {
			isa = XCBuildConfiguration;
			buildSettings = {
				ASSETCATALOG_COMPILER_APPICON_NAME = AppIcon;
				DEVELOPMENT_TEAM = G4YGRUL9T2;
				INFOPLIST_FILE = PassportInc/Info.plist;
				LD_RUNPATH_SEARCH_PATHS = "$(inherited) @executable_path/Frameworks";
				PRODUCT_BUNDLE_IDENTIFIER = com.YemiAjibola.PassportInc;
				PRODUCT_NAME = "$(TARGET_NAME)";
				SWIFT_VERSION = 3.0;
			};
			name = Debug;
		};
		DB8CBD591DB1864D00593825 /* Release */ = {
			isa = XCBuildConfiguration;
			buildSettings = {
				ASSETCATALOG_COMPILER_APPICON_NAME = AppIcon;
				DEVELOPMENT_TEAM = G4YGRUL9T2;
				INFOPLIST_FILE = PassportInc/Info.plist;
				LD_RUNPATH_SEARCH_PATHS = "$(inherited) @executable_path/Frameworks";
				PRODUCT_BUNDLE_IDENTIFIER = com.YemiAjibola.PassportInc;
				PRODUCT_NAME = "$(TARGET_NAME)";
				SWIFT_VERSION = 3.0;
			};
			name = Release;
		};
/* End XCBuildConfiguration section */

/* Begin XCConfigurationList section */
		DB8CBD401DB1864D00593825 /* Build configuration list for PBXProject "PassportInc" */ = {
			isa = XCConfigurationList;
			buildConfigurations = (
				DB8CBD551DB1864D00593825 /* Debug */,
				DB8CBD561DB1864D00593825 /* Release */,
			);
			defaultConfigurationIsVisible = 0;
			defaultConfigurationName = Release;
		};
		DB8CBD571DB1864D00593825 /* Build configuration list for PBXNativeTarget "PassportInc" */ = {
			isa = XCConfigurationList;
			buildConfigurations = (
				DB8CBD581DB1864D00593825 /* Debug */,
				DB8CBD591DB1864D00593825 /* Release */,
			);
			defaultConfigurationIsVisible = 0;
		};
/* End XCConfigurationList section */
	};
	rootObject = DB8CBD3D1DB1864D00593825 /* Project object */;
}
